
Microsoft Visual Studio Solution File, Format Version 12.00
# Visual Studio 15
VisualStudioVersion = 15.0.28010.2050
MinimumVisualStudioVersion = 10.0.40219.1
Project("{FAE04EC0-301F-11D3-BF4B-00C04F79EFBC}") = "Delegate", "Delegate\Delegate.csproj", "{71FF48CD-16AF-42D8-92C0-7B816EB9E496}"
EndProject
Project("{FAE04EC0-301F-11D3-BF4B-00C04F79EFBC}") = "ConsoleApp1", "ConsoleApp1\ConsoleApp1.csproj", "{9C9E814F-DAEB-46B9-AFE2-F878A4782804}"
EndProject
Project("{FAE04EC0-301F-11D3-BF4B-00C04F79EFBC}") = "ExcelCopyRang", "ExcelCopyRang\ExcelCopyRang.csproj", "{B22C32CA-955D-494E-9314-FCDEFF67892D}"
EndProject
Project("{FAE04EC0-301F-11D3-BF4B-00C04F79EFBC}") = "ASYNC", "ASYNC\ASYNC.csproj", "{68046C18-94DE-4CC1-A8A1-F9273B3BB24F}"
EndProject
Project("{FAE04EC0-301F-11D3-BF4B-00C04F79EFBC}") = "Reflect", "Reflect\Reflect.csproj", "{83C744AF-A0C8-4AC7-A334-94385652E685}"
EndProject
Project("{FAE04EC0-301F-11D3-BF4B-00C04F79EFBC}") = "TaskPane", "TaskPane\TaskPane.csproj", "{1BC651CD-8EFF-4117-9589-015F3ADA22AF}"
EndProject
Project("{FAE04EC0-301F-11D3-BF4B-00C04F79EFBC}") = "Abstract", "Abstract\Abstract.csproj", "{34D5E5E7-502D-4C92-89C9-3ED20C74FD03}"
EndProject
Project("{9A19103F-16F7-4668-BE54-9A1E7A4F7556}") = "ProjectPractice.NPOI", "ProjectPractice.NPOI\ProjectPractice.NPOI.csproj", "{0A365563-FDD9-4934-A3B1-125E169F44AB}"
EndProject
Project("{FAE04EC0-301F-11D3-BF4B-00C04F79EFBC}") = "ProjectPractice.Oledb", "ProjectPractice.Oledb\ProjectPractice.Oledb.csproj", "{13E55BC2-F430-4C03-8325-0AB887885BF7}"
EndProject
Project("{9A19103F-16F7-4668-BE54-9A1E7A4F7556}") = "ProjectPractice.MariaDb", "ProjectPractice.MariaDb\ProjectPractice.MariaDb.csproj", "{0D467D68-E89E-4B13-8EC4-846FFEA4DC42}"
EndProject
Project("{FAE04EC0-301F-11D3-BF4B-00C04F79EFBC}") = "ExcelAddIn1", "ExcelAddIn1\ExcelAddIn1.csproj", "{FAA82DF6-0443-476C-B73F-5BDD07BCF881}"
EndProject
Project("{FAE04EC0-301F-11D3-BF4B-00C04F79EFBC}") = "ProjectPractice.FileStream", "ProjectPractice.FileStream\ProjectPractice.FileStream.csproj", "{A6F4ABBB-F5B6-4272-9213-3B93C6DE9705}"
EndProject
Project("{9A19103F-16F7-4668-BE54-9A1E7A4F7556}") = "ProjectPractice.Async", "ProjectPractice.Async\ProjectPractice.Async.csproj", "{9D51F3DD-8136-487F-85DB-AF54E3B53311}"
EndProject
Project("{9A19103F-16F7-4668-BE54-9A1E7A4F7556}") = "ProjectPractice.FileStreamAsync", "ProjectPractice.FileStreamAsync\ProjectPractice.FileStreamAsync.csproj", "{F6ED66E1-78B9-45BD-ABA3-1AE7D04FCD11}"
EndProject
Project("{9A19103F-16F7-4668-BE54-9A1E7A4F7556}") = "ProjectPractice.NetCatch", "ProjectPractice.NetCatch\ProjectPractice.NetCatch.csproj", "{369EAA37-7ED5-4010-AEDB-AAC8050A78DB}"
EndProject
Project("{FAE04EC0-301F-11D3-BF4B-00C04F79EFBC}") = "ProjectPractice.Netcathc-dotnet", "ProjectPractice.Netcathc-dotnet\ProjectPractice.Netcathc-dotnet.csproj", "{D27B649C-4E0C-4FB5-8551-F29E1596A8E7}"
EndProject
Project("{FAE04EC0-301F-11D3-BF4B-00C04F79EFBC}") = "ProjectPractice.Chain", "ProjectPractice.Chain\ProjectPractice.Chain.csproj", "{128ECAEE-11D3-451C-A9E3-E94F54AFB9CC}"
EndProject
Project("{FAE04EC0-301F-11D3-BF4B-00C04F79EFBC}") = "ProjectPractice.GroupBy", "ProjectPractice.GroupBy\ProjectPractice.GroupBy.csproj", "{BFC6A890-0792-446F-8390-B5D015C23F21}"
EndProject
Project("{FAE04EC0-301F-11D3-BF4B-00C04F79EFBC}") = "ProjectPractice.JsonToEntity", "ProjectPractice.JsonToEntity\ProjectPractice.JsonToEntity.csproj", "{CD4C552B-6F37-449D-9672-73BA9127D1FB}"
EndProject
Project("{FAE04EC0-301F-11D3-BF4B-00C04F79EFBC}") = "ProjectPractice.DelegateEvent", "ProjectPractice.DelegateEvent\ProjectPractice.DelegateEvent.csproj", "{00943BAC-C6C9-4A66-8C37-A855579ADBDD}"
EndProject
Global
	GlobalSection(SolutionConfigurationPlatforms) = preSolution
		Debug|Any CPU = Debug|Any CPU
		Release|Any CPU = Release|Any CPU
	EndGlobalSection
	GlobalSection(ProjectConfigurationPlatforms) = postSolution
		{71FF48CD-16AF-42D8-92C0-7B816EB9E496}.Debug|Any CPU.ActiveCfg = Debug|Any CPU
		{71FF48CD-16AF-42D8-92C0-7B816EB9E496}.Debug|Any CPU.Build.0 = Debug|Any CPU
		{71FF48CD-16AF-42D8-92C0-7B816EB9E496}.Release|Any CPU.ActiveCfg = Release|Any CPU
		{71FF48CD-16AF-42D8-92C0-7B816EB9E496}.Release|Any CPU.Build.0 = Release|Any CPU
		{9C9E814F-DAEB-46B9-AFE2-F878A4782804}.Debug|Any CPU.ActiveCfg = Debug|Any CPU
		{9C9E814F-DAEB-46B9-AFE2-F878A4782804}.Debug|Any CPU.Build.0 = Debug|Any CPU
		{9C9E814F-DAEB-46B9-AFE2-F878A4782804}.Release|Any CPU.ActiveCfg = Release|Any CPU
		{9C9E814F-DAEB-46B9-AFE2-F878A4782804}.Release|Any CPU.Build.0 = Release|Any CPU
		{B22C32CA-955D-494E-9314-FCDEFF67892D}.Debug|Any CPU.ActiveCfg = Debug|Any CPU
		{B22C32CA-955D-494E-9314-FCDEFF67892D}.Debug|Any CPU.Build.0 = Debug|Any CPU
		{B22C32CA-955D-494E-9314-FCDEFF67892D}.Release|Any CPU.ActiveCfg = Release|Any CPU
		{B22C32CA-955D-494E-9314-FCDEFF67892D}.Release|Any CPU.Build.0 = Release|Any CPU
		{68046C18-94DE-4CC1-A8A1-F9273B3BB24F}.Debug|Any CPU.ActiveCfg = Debug|Any CPU
		{68046C18-94DE-4CC1-A8A1-F9273B3BB24F}.Debug|Any CPU.Build.0 = Debug|Any CPU
		{68046C18-94DE-4CC1-A8A1-F9273B3BB24F}.Release|Any CPU.ActiveCfg = Release|Any CPU
		{68046C18-94DE-4CC1-A8A1-F9273B3BB24F}.Release|Any CPU.Build.0 = Release|Any CPU
		{83C744AF-A0C8-4AC7-A334-94385652E685}.Debug|Any CPU.ActiveCfg = Debug|Any CPU
		{83C744AF-A0C8-4AC7-A334-94385652E685}.Debug|Any CPU.Build.0 = Debug|Any CPU
		{83C744AF-A0C8-4AC7-A334-94385652E685}.Release|Any CPU.ActiveCfg = Release|Any CPU
		{83C744AF-A0C8-4AC7-A334-94385652E685}.Release|Any CPU.Build.0 = Release|Any CPU
		{1BC651CD-8EFF-4117-9589-015F3ADA22AF}.Debug|Any CPU.ActiveCfg = Debug|Any CPU
		{1BC651CD-8EFF-4117-9589-015F3ADA22AF}.Debug|Any CPU.Build.0 = Debug|Any CPU
		{1BC651CD-8EFF-4117-9589-015F3ADA22AF}.Release|Any CPU.ActiveCfg = Release|Any CPU
		{1BC651CD-8EFF-4117-9589-015F3ADA22AF}.Release|Any CPU.Build.0 = Release|Any CPU
		{34D5E5E7-502D-4C92-89C9-3ED20C74FD03}.Debug|Any CPU.ActiveCfg = Debug|Any CPU
		{34D5E5E7-502D-4C92-89C9-3ED20C74FD03}.Debug|Any CPU.Build.0 = Debug|Any CPU
		{34D5E5E7-502D-4C92-89C9-3ED20C74FD03}.Release|Any CPU.ActiveCfg = Release|Any CPU
		{34D5E5E7-502D-4C92-89C9-3ED20C74FD03}.Release|Any CPU.Build.0 = Release|Any CPU
		{0A365563-FDD9-4934-A3B1-125E169F44AB}.Debug|Any CPU.ActiveCfg = Debug|Any CPU
		{0A365563-FDD9-4934-A3B1-125E169F44AB}.Debug|Any CPU.Build.0 = Debug|Any CPU
		{0A365563-FDD9-4934-A3B1-125E169F44AB}.Release|Any CPU.ActiveCfg = Release|Any CPU
		{0A365563-FDD9-4934-A3B1-125E169F44AB}.Release|Any CPU.Build.0 = Release|Any CPU
		{13E55BC2-F430-4C03-8325-0AB887885BF7}.Debug|Any CPU.ActiveCfg = Debug|Any CPU
		{13E55BC2-F430-4C03-8325-0AB887885BF7}.Debug|Any CPU.Build.0 = Debug|Any CPU
		{13E55BC2-F430-4C03-8325-0AB887885BF7}.Release|Any CPU.ActiveCfg = Release|Any CPU
		{13E55BC2-F430-4C03-8325-0AB887885BF7}.Release|Any CPU.Build.0 = Release|Any CPU
		{0D467D68-E89E-4B13-8EC4-846FFEA4DC42}.Debug|Any CPU.ActiveCfg = Debug|Any CPU
		{0D467D68-E89E-4B13-8EC4-846FFEA4DC42}.Debug|Any CPU.Build.0 = Debug|Any CPU
		{0D467D68-E89E-4B13-8EC4-846FFEA4DC42}.Release|Any CPU.ActiveCfg = Release|Any CPU
		{0D467D68-E89E-4B13-8EC4-846FFEA4DC42}.Release|Any CPU.Build.0 = Release|Any CPU
		{FAA82DF6-0443-476C-B73F-5BDD07BCF881}.Debug|Any CPU.ActiveCfg = Debug|Any CPU
		{FAA82DF6-0443-476C-B73F-5BDD07BCF881}.Debug|Any CPU.Build.0 = Debug|Any CPU
		{FAA82DF6-0443-476C-B73F-5BDD07BCF881}.Release|Any CPU.ActiveCfg = Release|Any CPU
		{FAA82DF6-0443-476C-B73F-5BDD07BCF881}.Release|Any CPU.Build.0 = Release|Any CPU
		{A6F4ABBB-F5B6-4272-9213-3B93C6DE9705}.Debug|Any CPU.ActiveCfg = Debug|Any CPU
		{A6F4ABBB-F5B6-4272-9213-3B93C6DE9705}.Debug|Any CPU.Build.0 = Debug|Any CPU
		{A6F4ABBB-F5B6-4272-9213-3B93C6DE9705}.Release|Any CPU.ActiveCfg = Release|Any CPU
		{A6F4ABBB-F5B6-4272-9213-3B93C6DE9705}.Release|Any CPU.Build.0 = Release|Any CPU
		{9D51F3DD-8136-487F-85DB-AF54E3B53311}.Debug|Any CPU.ActiveCfg = Debug|Any CPU
		{9D51F3DD-8136-487F-85DB-AF54E3B53311}.Debug|Any CPU.Build.0 = Debug|Any CPU
		{9D51F3DD-8136-487F-85DB-AF54E3B53311}.Release|Any CPU.ActiveCfg = Release|Any CPU
		{9D51F3DD-8136-487F-85DB-AF54E3B53311}.Release|Any CPU.Build.0 = Release|Any CPU
		{F6ED66E1-78B9-45BD-ABA3-1AE7D04FCD11}.Debug|Any CPU.ActiveCfg = Debug|Any CPU
		{F6ED66E1-78B9-45BD-ABA3-1AE7D04FCD11}.Debug|Any CPU.Build.0 = Debug|Any CPU
		{F6ED66E1-78B9-45BD-ABA3-1AE7D04FCD11}.Release|Any CPU.ActiveCfg = Release|Any CPU
		{F6ED66E1-78B9-45BD-ABA3-1AE7D04FCD11}.Release|Any CPU.Build.0 = Release|Any CPU
		{369EAA37-7ED5-4010-AEDB-AAC8050A78DB}.Debug|Any CPU.ActiveCfg = Debug|Any CPU
		{369EAA37-7ED5-4010-AEDB-AAC8050A78DB}.Debug|Any CPU.Build.0 = Debug|Any CPU
		{369EAA37-7ED5-4010-AEDB-AAC8050A78DB}.Release|Any CPU.ActiveCfg = Release|Any CPU
		{369EAA37-7ED5-4010-AEDB-AAC8050A78DB}.Release|Any CPU.Build.0 = Release|Any CPU
		{D27B649C-4E0C-4FB5-8551-F29E1596A8E7}.Debug|Any CPU.ActiveCfg = Debug|Any CPU
		{D27B649C-4E0C-4FB5-8551-F29E1596A8E7}.Debug|Any CPU.Build.0 = Debug|Any CPU
		{D27B649C-4E0C-4FB5-8551-F29E1596A8E7}.Release|Any CPU.ActiveCfg = Release|Any CPU
		{D27B649C-4E0C-4FB5-8551-F29E1596A8E7}.Release|Any CPU.Build.0 = Release|Any CPU
		{128ECAEE-11D3-451C-A9E3-E94F54AFB9CC}.Debug|Any CPU.ActiveCfg = Debug|Any CPU
		{128ECAEE-11D3-451C-A9E3-E94F54AFB9CC}.Debug|Any CPU.Build.0 = Debug|Any CPU
		{128ECAEE-11D3-451C-A9E3-E94F54AFB9CC}.Release|Any CPU.ActiveCfg = Release|Any CPU
		{128ECAEE-11D3-451C-A9E3-E94F54AFB9CC}.Release|Any CPU.Build.0 = Release|Any CPU
		{BFC6A890-0792-446F-8390-B5D015C23F21}.Debug|Any CPU.ActiveCfg = Debug|Any CPU
		{BFC6A890-0792-446F-8390-B5D015C23F21}.Debug|Any CPU.Build.0 = Debug|Any CPU
		{BFC6A890-0792-446F-8390-B5D015C23F21}.Release|Any CPU.ActiveCfg = Release|Any CPU
		{BFC6A890-0792-446F-8390-B5D015C23F21}.Release|Any CPU.Build.0 = Release|Any CPU
		{CD4C552B-6F37-449D-9672-73BA9127D1FB}.Debug|Any CPU.ActiveCfg = Debug|Any CPU
		{CD4C552B-6F37-449D-9672-73BA9127D1FB}.Debug|Any CPU.Build.0 = Debug|Any CPU
		{CD4C552B-6F37-449D-9672-73BA9127D1FB}.Release|Any CPU.ActiveCfg = Release|Any CPU
		{CD4C552B-6F37-449D-9672-73BA9127D1FB}.Release|Any CPU.Build.0 = Release|Any CPU
		{00943BAC-C6C9-4A66-8C37-A855579ADBDD}.Debug|Any CPU.ActiveCfg = Debug|Any CPU
		{00943BAC-C6C9-4A66-8C37-A855579ADBDD}.Debug|Any CPU.Build.0 = Debug|Any CPU
		{00943BAC-C6C9-4A66-8C37-A855579ADBDD}.Release|Any CPU.ActiveCfg = Release|Any CPU
		{00943BAC-C6C9-4A66-8C37-A855579ADBDD}.Release|Any CPU.Build.0 = Release|Any CPU
	EndGlobalSection
	GlobalSection(SolutionProperties) = preSolution
		HideSolutionNode = FALSE
	EndGlobalSection
	GlobalSection(ExtensibilityGlobals) = postSolution
		SolutionGuid = {55E79C7B-D26C-4C13-9664-406E68855119}
	EndGlobalSection
EndGlobal
